
Microsoft Visual Studio Solution File, Format Version 12.00
# Visual Studio Version 17
VisualStudioVersion = 17.8.34330.188
MinimumVisualStudioVersion = 10.0.40219.1
Project("{9A19103F-16F7-4668-BE54-9A1E7A4F7556}") = "MyStore.API", "MyStore.API\MyStore.API.csproj", "{FDBF2B79-454D-486B-AA29-A1CC97698715}"
EndProject
Project("{9A19103F-16F7-4668-BE54-9A1E7A4F7556}") = "MyStore.Application", "MyStore.Application\MyStore.Application.csproj", "{1F400EE4-2EFC-403C-B1A0-E5A14BBEFE48}"
EndProject
Project("{9A19103F-16F7-4668-BE54-9A1E7A4F7556}") = "MyStore.Persistence", "MyStore.Persistence\MyStore.Persistence.csproj", "{1B64F699-AC9F-4D08-9EB2-6523E3501DA7}"
EndProject
Project("{9A19103F-16F7-4668-BE54-9A1E7A4F7556}") = "FreeMarket.Integration", "FreeMarket.Integration\FreeMarket.Integration.csproj", "{CCDDFCB3-7664-40B4-A633-F17A38798AAD}"
EndProject
Project("{FAE04EC0-301F-11D3-BF4B-00C04F79EFBC}") = "MyStore.API.Test", "MyStore.API.Test\MyStore.API.Test.csproj", "{C1988ADD-BD37-4BE6-BC1A-CCB20D650C5D}"
EndProject
Global
	GlobalSection(SolutionConfigurationPlatforms) = preSolution
		Debug|Any CPU = Debug|Any CPU
		Release|Any CPU = Release|Any CPU
	EndGlobalSection
	GlobalSection(ProjectConfigurationPlatforms) = postSolution
		{FDBF2B79-454D-486B-AA29-A1CC97698715}.Debug|Any CPU.ActiveCfg = Debug|Any CPU
		{FDBF2B79-454D-486B-AA29-A1CC97698715}.Debug|Any CPU.Build.0 = Debug|Any CPU
		{FDBF2B79-454D-486B-AA29-A1CC97698715}.Release|Any CPU.ActiveCfg = Release|Any CPU
		{FDBF2B79-454D-486B-AA29-A1CC97698715}.Release|Any CPU.Build.0 = Release|Any CPU
		{1F400EE4-2EFC-403C-B1A0-E5A14BBEFE48}.Debug|Any CPU.ActiveCfg = Debug|Any CPU
		{1F400EE4-2EFC-403C-B1A0-E5A14BBEFE48}.Debug|Any CPU.Build.0 = Debug|Any CPU
		{1F400EE4-2EFC-403C-B1A0-E5A14BBEFE48}.Release|Any CPU.ActiveCfg = Release|Any CPU
		{1F400EE4-2EFC-403C-B1A0-E5A14BBEFE48}.Release|Any CPU.Build.0 = Release|Any CPU
		{1B64F699-AC9F-4D08-9EB2-6523E3501DA7}.Debug|Any CPU.ActiveCfg = Debug|Any CPU
		{1B64F699-AC9F-4D08-9EB2-6523E3501DA7}.Debug|Any CPU.Build.0 = Debug|Any CPU
		{1B64F699-AC9F-4D08-9EB2-6523E3501DA7}.Release|Any CPU.ActiveCfg = Release|Any CPU
		{1B64F699-AC9F-4D08-9EB2-6523E3501DA7}.Release|Any CPU.Build.0 = Release|Any CPU
		{CCDDFCB3-7664-40B4-A633-F17A38798AAD}.Debug|Any CPU.ActiveCfg = Debug|Any CPU
		{CCDDFCB3-7664-40B4-A633-F17A38798AAD}.Debug|Any CPU.Build.0 = Debug|Any CPU
		{CCDDFCB3-7664-40B4-A633-F17A38798AAD}.Release|Any CPU.ActiveCfg = Release|Any CPU
		{CCDDFCB3-7664-40B4-A633-F17A38798AAD}.Release|Any CPU.Build.0 = Release|Any CPU
		{C1988ADD-BD37-4BE6-BC1A-CCB20D650C5D}.Debug|Any CPU.ActiveCfg = Debug|Any CPU
		{C1988ADD-BD37-4BE6-BC1A-CCB20D650C5D}.Debug|Any CPU.Build.0 = Debug|Any CPU
		{C1988ADD-BD37-4BE6-BC1A-CCB20D650C5D}.Release|Any CPU.ActiveCfg = Release|Any CPU
		{C1988ADD-BD37-4BE6-BC1A-CCB20D650C5D}.Release|Any CPU.Build.0 = Release|Any CPU
	EndGlobalSection
	GlobalSection(SolutionProperties) = preSolution
		HideSolutionNode = FALSE
	EndGlobalSection
	GlobalSection(ExtensibilityGlobals) = postSolution
		SolutionGuid = {EC206010-2214-45D8-B841-26EEA753AE77}
	EndGlobalSection
EndGlobal
